
Microsoft Visual Studio Solution File, Format Version 12.00
# Visual Studio Version 17
VisualStudioVersion = 17.14.36408.4 d17.14
MinimumVisualStudioVersion = 10.0.40219.1
Project("{FAE04EC0-301F-11D3-BF4B-00C04F79EFBC}") = "OpenCV_Affine(3P)&Perspective(4P)", "OpenCV_Affine(3P)&Perspective(4P)\OpenCV_Affine(3P)&Perspective(4P).csproj", "{57A4D5C0-F879-46A8-98D2-A546CDA1F88F}"
EndProject
Global
	GlobalSection(SolutionConfigurationPlatforms) = preSolution
		Debug|Any CPU = Debug|Any CPU
		Release|Any CPU = Release|Any CPU
	EndGlobalSection
	GlobalSection(ProjectConfigurationPlatforms) = postSolution
		{57A4D5C0-F879-46A8-98D2-A546CDA1F88F}.Debug|Any CPU.ActiveCfg = Debug|Any CPU
		{57A4D5C0-F879-46A8-98D2-A546CDA1F88F}.Debug|Any CPU.Build.0 = Debug|Any CPU
		{57A4D5C0-F879-46A8-98D2-A546CDA1F88F}.Release|Any CPU.ActiveCfg = Release|Any CPU
		{57A4D5C0-F879-46A8-98D2-A546CDA1F88F}.Release|Any CPU.Build.0 = Release|Any CPU
	EndGlobalSection
	GlobalSection(SolutionProperties) = preSolution
		HideSolutionNode = FALSE
	EndGlobalSection
	GlobalSection(ExtensibilityGlobals) = postSolution
		SolutionGuid = {A1F1FE11-6CA8-4878-BF3E-95BDBF28B638}
	EndGlobalSection
EndGlobal
